lijiaocn.com/go/example/mod v1.0.0 h1:hBs1pJ5CCFDb8STdwbE9XoOBmeeeM1zXYnHfwzYytY8=
lijiaocn.com/go/example/mod v1.0.0/go.mod h1:QsFfBJ5+S3zFRJnrumIDBiyxS9eJXv7q+9C0WPKNyYk=
lijiaocn.com/go/example/mod v1.1.0 h1:gcu9xmhULUJA4dwT12ncF6nwvj57zc6jgtLKmFb+dw8=
lijiaocn.com/go/example/mod v1.1.0/go.mod h1:QsFfBJ5+S3zFRJnrumIDBiyxS9eJXv7q+9C0WPKNyYk=
lijiaocn.com/go/example/mod/v2 v2.0.0 h1:SXPU6kTyEkkAyGamNnOoM0AbgFGhQnipnI0blP6SfAs=
lijiaocn.com/go/example/mod/v2 v2.0.0/go.mod h1:+7r7UGmiae0qKH6YrpuTtvDecI2besUtZ6YbWwm/vd8=
